
Microsoft Visual Studio Solution File, Format Version 12.00
# Visual Studio Version 17
VisualStudioVersion = 17.0.31903.59
MinimumVisualStudioVersion = 10.0.40219.1
Project("{FAE04EC0-301F-11D3-BF4B-00C04F79EFBC}") = "Sample.Library", "Sample.Library\Sample.Library.csproj", "{3FFEBD9E-D381-443F-B908-FD366E7AD813}"
EndProject
Project("{FAE04EC0-301F-11D3-BF4B-00C04F79EFBC}") = "Sample.Library.Tests", "Sample.Library.Tests\Sample.Library.Tests.csproj", "{C9D7F985-1F7D-4345-850C-ADD25CF62043}"
EndProject
Global
	GlobalSection(SolutionConfigurationPlatforms) = preSolution
		Debug|Any CPU = Debug|Any CPU
		Debug|x64 = Debug|x64
		Debug|x86 = Debug|x86
		Release|Any CPU = Release|Any CPU
		Release|x64 = Release|x64
		Release|x86 = Release|x86
	EndGlobalSection
	GlobalSection(ProjectConfigurationPlatforms) = postSolution
		{3FFEBD9E-D381-443F-B908-FD366E7AD813}.Debug|Any CPU.ActiveCfg = Debug|Any CPU
		{3FFEBD9E-D381-443F-B908-FD366E7AD813}.Debug|Any CPU.Build.0 = Debug|Any CPU
		{3FFEBD9E-D381-443F-B908-FD366E7AD813}.Debug|x64.ActiveCfg = Debug|Any CPU
		{3FFEBD9E-D381-443F-B908-FD366E7AD813}.Debug|x64.Build.0 = Debug|Any CPU
		{3FFEBD9E-D381-443F-B908-FD366E7AD813}.Debug|x86.ActiveCfg = Debug|Any CPU
		{3FFEBD9E-D381-443F-B908-FD366E7AD813}.Debug|x86.Build.0 = Debug|Any CPU
		{3FFEBD9E-D381-443F-B908-FD366E7AD813}.Release|Any CPU.ActiveCfg = Release|Any CPU
		{3FFEBD9E-D381-443F-B908-FD366E7AD813}.Release|Any CPU.Build.0 = Release|Any CPU
		{3FFEBD9E-D381-443F-B908-FD366E7AD813}.Release|x64.ActiveCfg = Release|Any CPU
		{3FFEBD9E-D381-443F-B908-FD366E7AD813}.Release|x64.Build.0 = Release|Any CPU
		{3FFEBD9E-D381-443F-B908-FD366E7AD813}.Release|x86.ActiveCfg = Release|Any CPU
		{3FFEBD9E-D381-443F-B908-FD366E7AD813}.Release|x86.Build.0 = Release|Any CPU
		{C9D7F985-1F7D-4345-850C-ADD25CF62043}.Debug|Any CPU.ActiveCfg = Debug|Any CPU
		{C9D7F985-1F7D-4345-850C-ADD25CF62043}.Debug|Any CPU.Build.0 = Debug|Any CPU
		{C9D7F985-1F7D-4345-850C-ADD25CF62043}.Debug|x64.ActiveCfg = Debug|Any CPU
		{C9D7F985-1F7D-4345-850C-ADD25CF62043}.Debug|x64.Build.0 = Debug|Any CPU
		{C9D7F985-1F7D-4345-850C-ADD25CF62043}.Debug|x86.ActiveCfg = Debug|Any CPU
		{C9D7F985-1F7D-4345-850C-ADD25CF62043}.Debug|x86.Build.0 = Debug|Any CPU
		{C9D7F985-1F7D-4345-850C-ADD25CF62043}.Release|Any CPU.ActiveCfg = Release|Any CPU
		{C9D7F985-1F7D-4345-850C-ADD25CF62043}.Release|Any CPU.Build.0 = Release|Any CPU
		{C9D7F985-1F7D-4345-850C-ADD25CF62043}.Release|x64.ActiveCfg = Release|Any CPU
		{C9D7F985-1F7D-4345-850C-ADD25CF62043}.Release|x64.Build.0 = Release|Any CPU
		{C9D7F985-1F7D-4345-850C-ADD25CF62043}.Release|x86.ActiveCfg = Release|Any CPU
		{C9D7F985-1F7D-4345-850C-ADD25CF62043}.Release|x86.Build.0 = Release|Any CPU
	EndGlobalSection
	GlobalSection(SolutionProperties) = preSolution
		HideSolutionNode = FALSE
	EndGlobalSection
EndGlobal
